
Microsoft Visual Studio Solution File, Format Version 12.00
# Visual Studio Version 16
VisualStudioVersion = 16.0.31515.178
MinimumVisualStudioVersion = 10.0.40219.1
Project("{FAE04EC0-301F-11D3-BF4B-00C04F79EFBC}") = "ExceptionHandling1", "ExceptionHandling1\ExceptionHandling1.csproj", "{F2A86222-A6C2-4C96-B051-120665291619}"
EndProject
Project("{FAE04EC0-301F-11D3-BF4B-00C04F79EFBC}") = "ExceptionHandling2", "ExceptionHandling2\ExceptionHandling2.csproj", "{9EAE7043-A75F-451F-A5CA-E798EC08B2F7}"
EndProject
Project("{FAE04EC0-301F-11D3-BF4B-00C04F79EFBC}") = "ExceptionHandling3", "ExceptionHandling3\ExceptionHandling3.csproj", "{4972ADC4-7508-4FF7-8975-9E93F82AAE19}"
EndProject
Project("{FAE04EC0-301F-11D3-BF4B-00C04F79EFBC}") = "SimpleInterestPart1", "SimpleInterestPart1\SimpleInterestPart1.csproj", "{879A0554-A82F-44A9-9A38-73FE1ACFE4A7}"
EndProject
Global
	GlobalSection(SolutionConfigurationPlatforms) = preSolution
		Debug|Any CPU = Debug|Any CPU
		Release|Any CPU = Release|Any CPU
	EndGlobalSection
	GlobalSection(ProjectConfigurationPlatforms) = postSolution
		{F2A86222-A6C2-4C96-B051-120665291619}.Debug|Any CPU.ActiveCfg = Debug|Any CPU
		{F2A86222-A6C2-4C96-B051-120665291619}.Debug|Any CPU.Build.0 = Debug|Any CPU
		{F2A86222-A6C2-4C96-B051-120665291619}.Release|Any CPU.ActiveCfg = Release|Any CPU
		{F2A86222-A6C2-4C96-B051-120665291619}.Release|Any CPU.Build.0 = Release|Any CPU
		{9EAE7043-A75F-451F-A5CA-E798EC08B2F7}.Debug|Any CPU.ActiveCfg = Debug|Any CPU
		{9EAE7043-A75F-451F-A5CA-E798EC08B2F7}.Debug|Any CPU.Build.0 = Debug|Any CPU
		{9EAE7043-A75F-451F-A5CA-E798EC08B2F7}.Release|Any CPU.ActiveCfg = Release|Any CPU
		{9EAE7043-A75F-451F-A5CA-E798EC08B2F7}.Release|Any CPU.Build.0 = Release|Any CPU
		{4972ADC4-7508-4FF7-8975-9E93F82AAE19}.Debug|Any CPU.ActiveCfg = Debug|Any CPU
		{4972ADC4-7508-4FF7-8975-9E93F82AAE19}.Debug|Any CPU.Build.0 = Debug|Any CPU
		{4972ADC4-7508-4FF7-8975-9E93F82AAE19}.Release|Any CPU.ActiveCfg = Release|Any CPU
		{4972ADC4-7508-4FF7-8975-9E93F82AAE19}.Release|Any CPU.Build.0 = Release|Any CPU
		{879A0554-A82F-44A9-9A38-73FE1ACFE4A7}.Debug|Any CPU.ActiveCfg = Debug|Any CPU
		{879A0554-A82F-44A9-9A38-73FE1ACFE4A7}.Debug|Any CPU.Build.0 = Debug|Any CPU
		{879A0554-A82F-44A9-9A38-73FE1ACFE4A7}.Release|Any CPU.ActiveCfg = Release|Any CPU
		{879A0554-A82F-44A9-9A38-73FE1ACFE4A7}.Release|Any CPU.Build.0 = Release|Any CPU
	EndGlobalSection
	GlobalSection(SolutionProperties) = preSolution
		HideSolutionNode = FALSE
	EndGlobalSection
	GlobalSection(ExtensibilityGlobals) = postSolution
		SolutionGuid = {9B82E18F-139F-45F2-8254-7E1A5C02F8BC}
	EndGlobalSection
EndGlobal
